
Microsoft Visual Studio Solution File, Format Version 12.00
# Visual Studio Version 17
VisualStudioVersion = 17.3.32922.545
MinimumVisualStudioVersion = 10.0.40219.1
Project("{9A19103F-16F7-4668-BE54-9A1E7A4F7556}") = "ThreadSafeLinkedListRW", "ThreadSafeLinkedListRW.csproj", "{9373AD44-B54E-4330-87E8-48330F1623D7}"
EndProject
Global
	GlobalSection(SolutionConfigurationPlatforms) = preSolution
		Debug|Any CPU = Debug|Any CPU
		Release|Any CPU = Release|Any CPU
	EndGlobalSection
	GlobalSection(ProjectConfigurationPlatforms) = postSolution
		{9373AD44-B54E-4330-87E8-48330F1623D7}.Debug|Any CPU.ActiveCfg = Debug|Any CPU
		{9373AD44-B54E-4330-87E8-48330F1623D7}.Debug|Any CPU.Build.0 = Debug|Any CPU
		{9373AD44-B54E-4330-87E8-48330F1623D7}.Release|Any CPU.ActiveCfg = Release|Any CPU
		{9373AD44-B54E-4330-87E8-48330F1623D7}.Release|Any CPU.Build.0 = Release|Any CPU
	EndGlobalSection
	GlobalSection(SolutionProperties) = preSolution
		HideSolutionNode = FALSE
	EndGlobalSection
	GlobalSection(ExtensibilityGlobals) = postSolution
		SolutionGuid = {96A51E85-212B-4107-AB1C-D792F21F55D7}
	EndGlobalSection
EndGlobal
